
Microsoft Visual Studio Solution File, Format Version 12.00
# Visual Studio Version 16
VisualStudioVersion = 16.0.31112.23
MinimumVisualStudioVersion = 10.0.40219.1
Project("{9A19103F-16F7-4668-BE54-9A1E7A4F7556}") = "Rachna_vog_backend_codechallenge", "Rachna_vog_backend_codechallenge\Rachna_vog_backend_codechallenge.csproj", "{334EFBE7-DDD6-4DF9-9A5B-F03BF26DCCF3}"
EndProject
Project("{9A19103F-16F7-4668-BE54-9A1E7A4F7556}") = "VogCodeChallenge.API", "VogCodeChallenge.API\VogCodeChallenge.API.csproj", "{99D347F1-7785-4E37-8B03-BD44D8E6F377}"
EndProject
Project("{9A19103F-16F7-4668-BE54-9A1E7A4F7556}") = "TestModule", "TestModule\TestModule.csproj", "{3D00F1A8-5DC8-428C-838D-BB45BA91143B}"
EndProject
Global
	GlobalSection(SolutionConfigurationPlatforms) = preSolution
		Debug|Any CPU = Debug|Any CPU
		Release|Any CPU = Release|Any CPU
	EndGlobalSection
	GlobalSection(ProjectConfigurationPlatforms) = postSolution
		{334EFBE7-DDD6-4DF9-9A5B-F03BF26DCCF3}.Debug|Any CPU.ActiveCfg = Debug|Any CPU
		{334EFBE7-DDD6-4DF9-9A5B-F03BF26DCCF3}.Debug|Any CPU.Build.0 = Debug|Any CPU
		{334EFBE7-DDD6-4DF9-9A5B-F03BF26DCCF3}.Release|Any CPU.ActiveCfg = Release|Any CPU
		{334EFBE7-DDD6-4DF9-9A5B-F03BF26DCCF3}.Release|Any CPU.Build.0 = Release|Any CPU
		{99D347F1-7785-4E37-8B03-BD44D8E6F377}.Debug|Any CPU.ActiveCfg = Debug|Any CPU
		{99D347F1-7785-4E37-8B03-BD44D8E6F377}.Debug|Any CPU.Build.0 = Debug|Any CPU
		{99D347F1-7785-4E37-8B03-BD44D8E6F377}.Release|Any CPU.ActiveCfg = Release|Any CPU
		{99D347F1-7785-4E37-8B03-BD44D8E6F377}.Release|Any CPU.Build.0 = Release|Any CPU
		{3D00F1A8-5DC8-428C-838D-BB45BA91143B}.Debug|Any CPU.ActiveCfg = Debug|Any CPU
		{3D00F1A8-5DC8-428C-838D-BB45BA91143B}.Debug|Any CPU.Build.0 = Debug|Any CPU
		{3D00F1A8-5DC8-428C-838D-BB45BA91143B}.Release|Any CPU.ActiveCfg = Release|Any CPU
		{3D00F1A8-5DC8-428C-838D-BB45BA91143B}.Release|Any CPU.Build.0 = Release|Any CPU
	EndGlobalSection
	GlobalSection(SolutionProperties) = preSolution
		HideSolutionNode = FALSE
	EndGlobalSection
	GlobalSection(ExtensibilityGlobals) = postSolution
		SolutionGuid = {CDE3D0AF-E4E5-43A2-A832-38E00BB5C7CC}
	EndGlobalSection
EndGlobal
